github.com/ismd/hugo-theme-vng-blue v0.0.0-20260519113822-f018e59877e1 h1:xmwqSF+VQ8fXAUmodcIpxy4BEHEmVvkH6d0ly0FDieg=
github.com/ismd/hugo-theme-vng-blue v0.0.0-20260519113822-f018e59877e1/go.mod h1:i+VzerzId8DxFHxNriKlajD/qcmXS9EtPRdScfNL+lo=
github.com/ismd/hugo-theme-vng-blue v0.0.0-20260519114213-78c7ed295af6 h1:bvbm0O4QnZ1yKbI3HKvweyCsJMDW1OIGhumaEmlWRy8=
github.com/ismd/hugo-theme-vng-blue v0.0.0-20260519114213-78c7ed295af6/go.mod h1:i+VzerzId8DxFHxNriKlajD/qcmXS9EtPRdScfNL+lo=
github.com/ismd/hugo-theme-vng-blue v0.0.0-20260519120407-55fe06a7df04 h1:H1QOp0yyQQXUtVXpM7NALoqn3nw8FCLjoVCkXo6qGf8=
github.com/ismd/hugo-theme-vng-blue v0.0.0-20260519120407-55fe06a7df04/go.mod h1:i+VzerzId8DxFHxNriKlajD/qcmXS9EtPRdScfNL+lo=
